
Microsoft Visual Studio Solution File, Format Version 12.00
# Visual Studio 15
VisualStudioVersion = 15.0.27004.2009
MinimumVisualStudioVersion = 10.0.40219.1
Project("{FAE04EC0-301F-11D3-BF4B-00C04F79EFBC}") = "Counter", "Counter\Counter.csproj", "{BD01C9EE-26F6-4766-90C9-8E0118DF2174}"
EndProject
Global
	GlobalSection(SolutionConfigurationPlatforms) = preSolution
		Debug|Any CPU = Debug|Any CPU
		Release|Any CPU = Release|Any CPU
	EndGlobalSection
	GlobalSection(ProjectConfigurationPlatforms) = postSolution
		{BD01C9EE-26F6-4766-90C9-8E0118DF2174}.Debug|Any CPU.ActiveCfg = Debug|Any CPU
		{BD01C9EE-26F6-4766-90C9-8E0118DF2174}.Debug|Any CPU.Build.0 = Debug|Any CPU
		{BD01C9EE-26F6-4766-90C9-8E0118DF2174}.Release|Any CPU.ActiveCfg = Release|Any CPU
		{BD01C9EE-26F6-4766-90C9-8E0118DF2174}.Release|Any CPU.Build.0 = Release|Any CPU
	EndGlobalSection
	GlobalSection(SolutionProperties) = preSolution
		HideSolutionNode = FALSE
	EndGlobalSection
	GlobalSection(ExtensibilityGlobals) = postSolution
		SolutionGuid = {1E881F14-CCA2-4E27-98F9-54A0796C7C1A}
	EndGlobalSection
EndGlobal
