
Microsoft Visual Studio Solution File, Format Version 12.00
# Visual Studio 15
VisualStudioVersion = 15.0.27004.2009
MinimumVisualStudioVersion = 10.0.40219.1
Project("{9A19103F-16F7-4668-BE54-9A1E7A4F7556}") = "exercise11", "exercise11.csproj", "{C8F3C8DA-CB24-4B85-A19E-BB65E1DB9C47}"
EndProject
Global
	GlobalSection(SolutionConfigurationPlatforms) = preSolution
		Debug|Any CPU = Debug|Any CPU
		Release|Any CPU = Release|Any CPU
	EndGlobalSection
	GlobalSection(ProjectConfigurationPlatforms) = postSolution
		{C8F3C8DA-CB24-4B85-A19E-BB65E1DB9C47}.Debug|Any CPU.ActiveCfg = Debug|Any CPU
		{C8F3C8DA-CB24-4B85-A19E-BB65E1DB9C47}.Debug|Any CPU.Build.0 = Debug|Any CPU
		{C8F3C8DA-CB24-4B85-A19E-BB65E1DB9C47}.Release|Any CPU.ActiveCfg = Release|Any CPU
		{C8F3C8DA-CB24-4B85-A19E-BB65E1DB9C47}.Release|Any CPU.Build.0 = Release|Any CPU
	EndGlobalSection
	GlobalSection(SolutionProperties) = preSolution
		HideSolutionNode = FALSE
	EndGlobalSection
	GlobalSection(ExtensibilityGlobals) = postSolution
		SolutionGuid = {D008520A-5B9D-4EB6-A8F7-7646520F1563}
	EndGlobalSection
EndGlobal
