
Microsoft Visual Studio Solution File, Format Version 12.00
# Visual Studio 15
VisualStudioVersion = 15.0.27004.2009
MinimumVisualStudioVersion = 10.0.40219.1
Project("{9A19103F-16F7-4668-BE54-9A1E7A4F7556}") = "Exercise_DoubleItems", "Exercise_DoubleItems.csproj", "{F69EFB85-8544-4F53-A3D2-DAF0E6671799}"
EndProject
Global
	GlobalSection(SolutionConfigurationPlatforms) = preSolution
		Debug|Any CPU = Debug|Any CPU
		Release|Any CPU = Release|Any CPU
	EndGlobalSection
	GlobalSection(ProjectConfigurationPlatforms) = postSolution
		{F69EFB85-8544-4F53-A3D2-DAF0E6671799}.Debug|Any CPU.ActiveCfg = Debug|Any CPU
		{F69EFB85-8544-4F53-A3D2-DAF0E6671799}.Debug|Any CPU.Build.0 = Debug|Any CPU
		{F69EFB85-8544-4F53-A3D2-DAF0E6671799}.Release|Any CPU.ActiveCfg = Release|Any CPU
		{F69EFB85-8544-4F53-A3D2-DAF0E6671799}.Release|Any CPU.Build.0 = Release|Any CPU
	EndGlobalSection
	GlobalSection(SolutionProperties) = preSolution
		HideSolutionNode = FALSE
	EndGlobalSection
	GlobalSection(ExtensibilityGlobals) = postSolution
		SolutionGuid = {09AB7076-BAFD-4355-838A-39622C12985E}
	EndGlobalSection
EndGlobal
