
Microsoft Visual Studio Solution File, Format Version 12.00
# Visual Studio 15
VisualStudioVersion = 15.0.27004.2009
MinimumVisualStudioVersion = 10.0.40219.1
Project("{9A19103F-16F7-4668-BE54-9A1E7A4F7556}") = "Exercise_SumAll", "Exercise_SumAll.csproj", "{0A0B28D9-EDBD-43A3-9718-92C73797C47B}"
EndProject
Global
	GlobalSection(SolutionConfigurationPlatforms) = preSolution
		Debug|Any CPU = Debug|Any CPU
		Release|Any CPU = Release|Any CPU
	EndGlobalSection
	GlobalSection(ProjectConfigurationPlatforms) = postSolution
		{0A0B28D9-EDBD-43A3-9718-92C73797C47B}.Debug|Any CPU.ActiveCfg = Debug|Any CPU
		{0A0B28D9-EDBD-43A3-9718-92C73797C47B}.Debug|Any CPU.Build.0 = Debug|Any CPU
		{0A0B28D9-EDBD-43A3-9718-92C73797C47B}.Release|Any CPU.ActiveCfg = Release|Any CPU
		{0A0B28D9-EDBD-43A3-9718-92C73797C47B}.Release|Any CPU.Build.0 = Release|Any CPU
	EndGlobalSection
	GlobalSection(SolutionProperties) = preSolution
		HideSolutionNode = FALSE
	EndGlobalSection
	GlobalSection(ExtensibilityGlobals) = postSolution
		SolutionGuid = {096231E7-E4AE-4717-BDD7-D382EE3CFD13}
	EndGlobalSection
EndGlobal
