
Microsoft Visual Studio Solution File, Format Version 12.00
# Visual Studio 15
VisualStudioVersion = 15.0.27004.2009
MinimumVisualStudioVersion = 10.0.40219.1
Project("{FAE04EC0-301F-11D3-BF4B-00C04F79EFBC}") = "Exercise1_LineInTheMiddle", "Exercise1_LineInTheMiddle\Exercise1_LineInTheMiddle.csproj", "{0750C616-3CDC-4BD7-89DC-18BC8240DA5F}"
EndProject
Global
	GlobalSection(SolutionConfigurationPlatforms) = preSolution
		Debug|Any CPU = Debug|Any CPU
		Release|Any CPU = Release|Any CPU
	EndGlobalSection
	GlobalSection(ProjectConfigurationPlatforms) = postSolution
		{0750C616-3CDC-4BD7-89DC-18BC8240DA5F}.Debug|Any CPU.ActiveCfg = Debug|Any CPU
		{0750C616-3CDC-4BD7-89DC-18BC8240DA5F}.Debug|Any CPU.Build.0 = Debug|Any CPU
		{0750C616-3CDC-4BD7-89DC-18BC8240DA5F}.Release|Any CPU.ActiveCfg = Release|Any CPU
		{0750C616-3CDC-4BD7-89DC-18BC8240DA5F}.Release|Any CPU.Build.0 = Release|Any CPU
	EndGlobalSection
	GlobalSection(SolutionProperties) = preSolution
		HideSolutionNode = FALSE
	EndGlobalSection
	GlobalSection(ExtensibilityGlobals) = postSolution
		SolutionGuid = {312380B4-648F-4FF7-AFE4-26E459378D67}
	EndGlobalSection
EndGlobal
