
Microsoft Visual Studio Solution File, Format Version 12.00
# Visual Studio 15
VisualStudioVersion = 15.0.27004.2009
MinimumVisualStudioVersion = 10.0.40219.1
Project("{9A19103F-16F7-4668-BE54-9A1E7A4F7556}") = "Exercise_Third_Array", "Exercise_Third_Array.csproj", "{7A81C685-B560-4680-9BF5-00CF8A2349B2}"
EndProject
Global
	GlobalSection(SolutionConfigurationPlatforms) = preSolution
		Debug|Any CPU = Debug|Any CPU
		Release|Any CPU = Release|Any CPU
	EndGlobalSection
	GlobalSection(ProjectConfigurationPlatforms) = postSolution
		{7A81C685-B560-4680-9BF5-00CF8A2349B2}.Debug|Any CPU.ActiveCfg = Debug|Any CPU
		{7A81C685-B560-4680-9BF5-00CF8A2349B2}.Debug|Any CPU.Build.0 = Debug|Any CPU
		{7A81C685-B560-4680-9BF5-00CF8A2349B2}.Release|Any CPU.ActiveCfg = Release|Any CPU
		{7A81C685-B560-4680-9BF5-00CF8A2349B2}.Release|Any CPU.Build.0 = Release|Any CPU
	EndGlobalSection
	GlobalSection(SolutionProperties) = preSolution
		HideSolutionNode = FALSE
	EndGlobalSection
	GlobalSection(ExtensibilityGlobals) = postSolution
		SolutionGuid = {04C54389-C7B7-4247-9829-1889F4B38049}
	EndGlobalSection
EndGlobal
