
Microsoft Visual Studio Solution File, Format Version 12.00
# Visual Studio 15
VisualStudioVersion = 15.0.27004.2009
MinimumVisualStudioVersion = 10.0.40219.1
Project("{9A19103F-16F7-4668-BE54-9A1E7A4F7556}") = "Exercise_Factorio", "Exercise_Factorio.csproj", "{20C381C0-AADF-4A53-BC7A-2BA379AB1C38}"
EndProject
Global
	GlobalSection(SolutionConfigurationPlatforms) = preSolution
		Debug|Any CPU = Debug|Any CPU
		Release|Any CPU = Release|Any CPU
	EndGlobalSection
	GlobalSection(ProjectConfigurationPlatforms) = postSolution
		{20C381C0-AADF-4A53-BC7A-2BA379AB1C38}.Debug|Any CPU.ActiveCfg = Debug|Any CPU
		{20C381C0-AADF-4A53-BC7A-2BA379AB1C38}.Debug|Any CPU.Build.0 = Debug|Any CPU
		{20C381C0-AADF-4A53-BC7A-2BA379AB1C38}.Release|Any CPU.ActiveCfg = Release|Any CPU
		{20C381C0-AADF-4A53-BC7A-2BA379AB1C38}.Release|Any CPU.Build.0 = Release|Any CPU
	EndGlobalSection
	GlobalSection(SolutionProperties) = preSolution
		HideSolutionNode = FALSE
	EndGlobalSection
	GlobalSection(ExtensibilityGlobals) = postSolution
		SolutionGuid = {1C62EBC4-6D81-4E70-948B-1799F8F5494F}
	EndGlobalSection
EndGlobal
