
Microsoft Visual Studio Solution File, Format Version 12.00
# Visual Studio 15
VisualStudioVersion = 15.0.27004.2009
MinimumVisualStudioVersion = 10.0.40219.1
Project("{9A19103F-16F7-4668-BE54-9A1E7A4F7556}") = "Exercise_PrintElements", "Exercise_PrintElements.csproj", "{CAA68B34-2F16-4AB0-9DFC-5DFCC41962BD}"
EndProject
Global
	GlobalSection(SolutionConfigurationPlatforms) = preSolution
		Debug|Any CPU = Debug|Any CPU
		Release|Any CPU = Release|Any CPU
	EndGlobalSection
	GlobalSection(ProjectConfigurationPlatforms) = postSolution
		{CAA68B34-2F16-4AB0-9DFC-5DFCC41962BD}.Debug|Any CPU.ActiveCfg = Debug|Any CPU
		{CAA68B34-2F16-4AB0-9DFC-5DFCC41962BD}.Debug|Any CPU.Build.0 = Debug|Any CPU
		{CAA68B34-2F16-4AB0-9DFC-5DFCC41962BD}.Release|Any CPU.ActiveCfg = Release|Any CPU
		{CAA68B34-2F16-4AB0-9DFC-5DFCC41962BD}.Release|Any CPU.Build.0 = Release|Any CPU
	EndGlobalSection
	GlobalSection(SolutionProperties) = preSolution
		HideSolutionNode = FALSE
	EndGlobalSection
	GlobalSection(ExtensibilityGlobals) = postSolution
		SolutionGuid = {03B63294-3D16-4324-8C0A-BD9A9D1FC831}
	EndGlobalSection
EndGlobal
