
Microsoft Visual Studio Solution File, Format Version 12.00
# Visual Studio 15
VisualStudioVersion = 15.0.27004.2009
MinimumVisualStudioVersion = 10.0.40219.1
Project("{FAE04EC0-301F-11D3-BF4B-00C04F79EFBC}") = "Exercise2_ColorBox", "Exercise2_ColorBox\Exercise2_ColorBox.csproj", "{2E8BC64F-503F-4A54-9927-1D57E751A683}"
EndProject
Global
	GlobalSection(SolutionConfigurationPlatforms) = preSolution
		Debug|Any CPU = Debug|Any CPU
		Release|Any CPU = Release|Any CPU
	EndGlobalSection
	GlobalSection(ProjectConfigurationPlatforms) = postSolution
		{2E8BC64F-503F-4A54-9927-1D57E751A683}.Debug|Any CPU.ActiveCfg = Debug|Any CPU
		{2E8BC64F-503F-4A54-9927-1D57E751A683}.Debug|Any CPU.Build.0 = Debug|Any CPU
		{2E8BC64F-503F-4A54-9927-1D57E751A683}.Release|Any CPU.ActiveCfg = Release|Any CPU
		{2E8BC64F-503F-4A54-9927-1D57E751A683}.Release|Any CPU.Build.0 = Release|Any CPU
	EndGlobalSection
	GlobalSection(SolutionProperties) = preSolution
		HideSolutionNode = FALSE
	EndGlobalSection
	GlobalSection(ExtensibilityGlobals) = postSolution
		SolutionGuid = {BD6FD599-3D8B-4299-B6F7-3AF7C5FE04C6}
	EndGlobalSection
EndGlobal
